// !$*UTF8*$!
{
	archiveVersion = 1;
	classes = {
	};
	objectVersion = 56;
	objects = {

/* Begin PBXBuildFile section */
		4549BFEF2BC9EF7500C35577 /* EventService.swift in Sources */ = {isa = PBXBuildFile; fileRef = 4549BFEE2BC9EF7500C35577 /* EventService.swift */; };
		4549BFF22BC9EF9200C35577 /* CalendarChooser.swift in Sources */ = {isa = PBXBuildFile; fileRef = 4549BFF12BC9EF9200C35577 /* CalendarChooser.swift */; };
		4549BFF42BC9EFA600C35577 /* EventEditView.swift in Sources */ = {isa = PBXBuildFile; fileRef = 4549BFF32BC9EFA600C35577 /* EventEditView.swift */; };
		4549BFF62BC9EFD500C35577 /* Place.swift in Sources */ = {isa = PBXBuildFile; fileRef = 4549BFF52BC9EFD500C35577 /* Place.swift */; };
		4549BFF82BC9EFF700C35577 /* Navigator.swift in Sources */ = {isa = PBXBuildFile; fileRef = 4549BFF72BC9EFF700C35577 /* Navigator.swift */; };
		4549BFFA2BC9F00C00C35577 /* Calendar.swift in Sources */ = {isa = PBXBuildFile; fileRef = 4549BFF92BC9F00C00C35577 /* Calendar.swift */; };
		4549BFFC2BC9F0A200C35577 /* DateFormatters.swift in Sources */ = {isa = PBXBuildFile; fileRef = 4549BFFB2BC9F0A200C35577 /* DateFormatters.swift */; };
		4549BFFE2BC9F25E00C35577 /* HexStringToColor.swift in Sources */ = {isa = PBXBuildFile; fileRef = 4549BFFD2BC9F25E00C35577 /* HexStringToColor.swift */; };
		4C25DB592BD070C50089496B /* AddAPIResponse.swift in Sources */ = {isa = PBXBuildFile; fileRef = 4C25DB582BD070C50089496B /* AddAPIResponse.swift */; };
		4C25DB5B2BD070E80089496B /* AddTutorEndpoint.swift in Sources */ = {isa = PBXBuildFile; fileRef = 4C25DB5A2BD070E80089496B /* AddTutorEndpoint.swift */; };
		4C25DB5D2BD076150089496B /* TutorClasses.swift in Sources */ = {isa = PBXBuildFile; fileRef = 4C25DB5C2BD076150089496B /* TutorClasses.swift */; };
		4C2804222BCDDAEC00312524 /* OpenAI in Frameworks */ = {isa = PBXBuildFile; productRef = 4C2804212BCDDAEC00312524 /* OpenAI */; };
		4C28042A2BCDE84B00312524 /* APIClient.swift in Sources */ = {isa = PBXBuildFile; fileRef = 4C2804292BCDE84B00312524 /* APIClient.swift */; };
		4C28042C2BCDE86700312524 /* APIError.swift in Sources */ = {isa = PBXBuildFile; fileRef = 4C28042B2BCDE86700312524 /* APIError.swift */; };
		4CE71C5B2BCA14BA003043AE /* AITutor.swift in Sources */ = {isa = PBXBuildFile; fileRef = 4CE71C5A2BCA14BA003043AE /* AITutor.swift */; };
		4CE71C5D2BCA1739003043AE /* Message.swift in Sources */ = {isa = PBXBuildFile; fileRef = 4CE71C5C2BCA1739003043AE /* Message.swift */; };
		5B097E782BBE7DE40074CFB4 /* Tutor.swift in Sources */ = {isa = PBXBuildFile; fileRef = 5B097E772BBE7DE40074CFB4 /* Tutor.swift */; };
		5B097E7A2BBE7F7D0074CFB4 /* TutorRow.swift in Sources */ = {isa = PBXBuildFile; fileRef = 5B097E792BBE7F7D0074CFB4 /* TutorRow.swift */; };
		5B097E7C2BC4E20C0074CFB4 /* PreviewContainer.swift in Sources */ = {isa = PBXBuildFile; fileRef = 5B097E7B2BC4E20C0074CFB4 /* PreviewContainer.swift */; };
		97385D932BBAD58300BB8C8A /* Search.swift in Sources */ = {isa = PBXBuildFile; fileRef = 97385D922BBAD58300BB8C8A /* Search.swift */; };
		97385D952BBAD59200BB8C8A /* Favorites.swift in Sources */ = {isa = PBXBuildFile; fileRef = 97385D942BBAD59200BB8C8A /* Favorites.swift */; };
		97385D992BBAD5BF00BB8C8A /* TutorDetails.swift in Sources */ = {isa = PBXBuildFile; fileRef = 97385D982BBAD5BF00BB8C8A /* TutorDetails.swift */; };
		97385D9B2BBAD62F00BB8C8A /* Login.swift in Sources */ = {isa = PBXBuildFile; fileRef = 97385D9A2BBAD62F00BB8C8A /* Login.swift */; };
		97385D9D2BBAD96200BB8C8A /* ReviewForm.swift in Sources */ = {isa = PBXBuildFile; fileRef = 97385D9C2BBAD96200BB8C8A /* ReviewForm.swift */; };
		97402E8B2BCA049700571E2E /* Course.swift in Sources */ = {isa = PBXBuildFile; fileRef = 97402E8A2BCA049700571E2E /* Course.swift */; };
		9744D5832BBEDE0D00758135 /* Review.swift in Sources */ = {isa = PBXBuildFile; fileRef = 9744D5822BBEDE0D00758135 /* Review.swift */; };
		9744D5852BBEE2C000758135 /* ReviewRow.swift in Sources */ = {isa = PBXBuildFile; fileRef = 9744D5842BBEE2C000758135 /* ReviewRow.swift */; };
		977FA7AA2BB1144A006CF4C2 /* connectEdApp.swift in Sources */ = {isa = PBXBuildFile; fileRef = 977FA7A92BB1144A006CF4C2 /* connectEdApp.swift */; };
		977FA7AC2BB1144A006CF4C2 /* TabContainer.swift in Sources */ = {isa = PBXBuildFile; fileRef = 977FA7AB2BB1144A006CF4C2 /* TabContainer.swift */; };
		977FA7AE2BB1144C006CF4C2 /* Assets.xcassets in Resources */ = {isa = PBXBuildFile; fileRef = 977FA7AD2BB1144C006CF4C2 /* Assets.xcassets */; };
		977FA7B12BB1144C006CF4C2 /* Preview Assets.xcassets in Resources */ = {isa = PBXBuildFile; fileRef = 977FA7B02BB1144C006CF4C2 /* Preview Assets.xcassets */; };
		97C6B35B2BBE9D55002C8317 /* ProfileForm.swift in Sources */ = {isa = PBXBuildFile; fileRef = 97C6B35A2BBE9D55002C8317 /* ProfileForm.swift */; };
		97C6B35E2BBE9D6C002C8317 /* TextFieldWithLabel.swift in Sources */ = {isa = PBXBuildFile; fileRef = 97C6B35D2BBE9D6C002C8317 /* TextFieldWithLabel.swift */; };
		97EDD35C2BCA5329002518B0 /* Profile.swift in Sources */ = {isa = PBXBuildFile; fileRef = 97EDD35B2BCA5329002518B0 /* Profile.swift */; };
/* End PBXBuildFile section */

/* Begin PBXFileReference section */
		453FADB92BCA1C9C00A63F7B /* Info.plist */ = {isa = PBXFileReference; lastKnownFileType = text.plist; path = Info.plist; sourceTree = "<group>"; };
		4549BFEE2BC9EF7500C35577 /* EventService.swift */ = {isa = PBXFileReference; lastKnownFileType = sourcecode.swift; path = EventService.swift; sourceTree = "<group>"; };
		4549BFF12BC9EF9200C35577 /* CalendarChooser.swift */ = {isa = PBXFileReference; lastKnownFileType = sourcecode.swift; path = CalendarChooser.swift; sourceTree = "<group>"; };
		4549BFF32BC9EFA600C35577 /* EventEditView.swift */ = {isa = PBXFileReference; lastKnownFileType = sourcecode.swift; path = EventEditView.swift; sourceTree = "<group>"; };
		4549BFF52BC9EFD500C35577 /* Place.swift */ = {isa = PBXFileReference; lastKnownFileType = sourcecode.swift; path = Place.swift; sourceTree = "<group>"; };
		4549BFF72BC9EFF700C35577 /* Navigator.swift */ = {isa = PBXFileReference; lastKnownFileType = sourcecode.swift; path = Navigator.swift; sourceTree = "<group>"; };
		4549BFF92BC9F00C00C35577 /* Calendar.swift */ = {isa = PBXFileReference; lastKnownFileType = sourcecode.swift; path = Calendar.swift; sourceTree = "<group>"; };
		4549BFFB2BC9F0A200C35577 /* DateFormatters.swift */ = {isa = PBXFileReference; lastKnownFileType = sourcecode.swift; path = DateFormatters.swift; sourceTree = "<group>"; };
		4549BFFD2BC9F25E00C35577 /* HexStringToColor.swift */ = {isa = PBXFileReference; lastKnownFileType = sourcecode.swift; path = HexStringToColor.swift; sourceTree = "<group>"; };
		4C25DB582BD070C50089496B /* AddAPIResponse.swift */ = {isa = PBXFileReference; lastKnownFileType = sourcecode.swift; path = AddAPIResponse.swift; sourceTree = "<group>"; };
		4C25DB5A2BD070E80089496B /* AddTutorEndpoint.swift */ = {isa = PBXFileReference; lastKnownFileType = sourcecode.swift; path = AddTutorEndpoint.swift; sourceTree = "<group>"; };
		4C25DB5C2BD076150089496B /* TutorClasses.swift */ = {isa = PBXFileReference; lastKnownFileType = sourcecode.swift; path = TutorClasses.swift; sourceTree = "<group>"; };
		4C2804292BCDE84B00312524 /* APIClient.swift */ = {isa = PBXFileReference; lastKnownFileType = sourcecode.swift; path = APIClient.swift; sourceTree = "<group>"; };
		4C28042B2BCDE86700312524 /* APIError.swift */ = {isa = PBXFileReference; lastKnownFileType = sourcecode.swift; path = APIError.swift; sourceTree = "<group>"; };
		4CE71C5A2BCA14BA003043AE /* AITutor.swift */ = {isa = PBXFileReference; lastKnownFileType = sourcecode.swift; path = AITutor.swift; sourceTree = "<group>"; };
		4CE71C5C2BCA1739003043AE /* Message.swift */ = {isa = PBXFileReference; lastKnownFileType = sourcecode.swift; path = Message.swift; sourceTree = "<group>"; };
		5B097E772BBE7DE40074CFB4 /* Tutor.swift */ = {isa = PBXFileReference; lastKnownFileType = sourcecode.swift; path = Tutor.swift; sourceTree = "<group>"; };
		5B097E792BBE7F7D0074CFB4 /* TutorRow.swift */ = {isa = PBXFileReference; lastKnownFileType = sourcecode.swift; path = TutorRow.swift; sourceTree = "<group>"; };
		5B097E7B2BC4E20C0074CFB4 /* PreviewContainer.swift */ = {isa = PBXFileReference; lastKnownFileType = sourcecode.swift; path = PreviewContainer.swift; sourceTree = "<group>"; };
		97385D922BBAD58300BB8C8A /* Search.swift */ = {isa = PBXFileReference; lastKnownFileType = sourcecode.swift; path = Search.swift; sourceTree = "<group>"; };
		97385D942BBAD59200BB8C8A /* Favorites.swift */ = {isa = PBXFileReference; lastKnownFileType = sourcecode.swift; path = Favorites.swift; sourceTree = "<group>"; };
		97385D982BBAD5BF00BB8C8A /* TutorDetails.swift */ = {isa = PBXFileReference; lastKnownFileType = sourcecode.swift; path = TutorDetails.swift; sourceTree = "<group>"; };
		97385D9A2BBAD62F00BB8C8A /* Login.swift */ = {isa = PBXFileReference; lastKnownFileType = sourcecode.swift; path = Login.swift; sourceTree = "<group>"; };
		97385D9C2BBAD96200BB8C8A /* ReviewForm.swift */ = {isa = PBXFileReference; lastKnownFileType = sourcecode.swift; path = ReviewForm.swift; sourceTree = "<group>"; };
		97402E8A2BCA049700571E2E /* Course.swift */ = {isa = PBXFileReference; lastKnownFileType = sourcecode.swift; path = Course.swift; sourceTree = "<group>"; };
		9744D5822BBEDE0D00758135 /* Review.swift */ = {isa = PBXFileReference; lastKnownFileType = sourcecode.swift; path = Review.swift; sourceTree = "<group>"; };
		9744D5842BBEE2C000758135 /* ReviewRow.swift */ = {isa = PBXFileReference; lastKnownFileType = sourcecode.swift; path = ReviewRow.swift; sourceTree = "<group>"; };
		977FA7A62BB1144A006CF4C2 /* connectEd.app */ = {isa = PBXFileReference; explicitFileType = wrapper.application; includeInIndex = 0; path = connectEd.app; sourceTree = BUILT_PRODUCTS_DIR; };
		977FA7A92BB1144A006CF4C2 /* connectEdApp.swift */ = {isa = PBXFileReference; lastKnownFileType = sourcecode.swift; path = connectEdApp.swift; sourceTree = "<group>"; };
		977FA7AB2BB1144A006CF4C2 /* TabContainer.swift */ = {isa = PBXFileReference; lastKnownFileType = sourcecode.swift; path = TabContainer.swift; sourceTree = "<group>"; };
		977FA7AD2BB1144C006CF4C2 /* Assets.xcassets */ = {isa = PBXFileReference; lastKnownFileType = folder.assetcatalog; path = Assets.xcassets; sourceTree = "<group>"; };
		977FA7B02BB1144C006CF4C2 /* Preview Assets.xcassets */ = {isa = PBXFileReference; lastKnownFileType = folder.assetcatalog; path = "Preview Assets.xcassets"; sourceTree = "<group>"; };
		97C6B35A2BBE9D55002C8317 /* ProfileForm.swift */ = {isa = PBXFileReference; lastKnownFileType = sourcecode.swift; path = ProfileForm.swift; sourceTree = "<group>"; };
		97C6B35D2BBE9D6C002C8317 /* TextFieldWithLabel.swift */ = {isa = PBXFileReference; lastKnownFileType = sourcecode.swift; path = TextFieldWithLabel.swift; sourceTree = "<group>"; };
		97EDD35B2BCA5329002518B0 /* Profile.swift */ = {isa = PBXFileReference; lastKnownFileType = sourcecode.swift; path = Profile.swift; sourceTree = "<group>"; };
/* End PBXFileReference section */

/* Begin PBXFrameworksBuildPhase section */
		977FA7A32BB1144A006CF4C2 /* Frameworks */ = {
			isa = PBXFrameworksBuildPhase;
			buildActionMask = 2147483647;
			files = (
				4C2804222BCDDAEC00312524 /* OpenAI in Frameworks */,
			);
			runOnlyForDeploymentPostprocessing = 0;
		};
/* End PBXFrameworksBuildPhase section */

/* Begin PBXGroup section */
		4549BFE82BC9EF1600C35577 /* Utilities */ = {
			isa = PBXGroup;
			children = (
				4549BFFB2BC9F0A200C35577 /* DateFormatters.swift */,
				4549BFFD2BC9F25E00C35577 /* HexStringToColor.swift */,
			);
			path = Utilities;
			sourceTree = "<group>";
		};
		4549BFED2BC9EF6500C35577 /* Services */ = {
			isa = PBXGroup;
			children = (
				4549BFEE2BC9EF7500C35577 /* EventService.swift */,
			);
			path = Services;
			sourceTree = "<group>";
		};
		4549BFF02BC9EF8500C35577 /* UIKit */ = {
			isa = PBXGroup;
			children = (
				4549BFF12BC9EF9200C35577 /* CalendarChooser.swift */,
				4549BFF32BC9EFA600C35577 /* EventEditView.swift */,
			);
			path = UIKit;
			sourceTree = "<group>";
		};
		4C2804232BCDDEFA00312524 /* API */ = {
			isa = PBXGroup;
			children = (
				4C2804282BCDE83000312524 /* API Client */,
				4C25DB5A2BD070E80089496B /* AddTutorEndpoint.swift */,
			);
			path = API;
			sourceTree = "<group>";
		};
		4C2804282BCDE83000312524 /* API Client */ = {
			isa = PBXGroup;
			children = (
				4C2804292BCDE84B00312524 /* APIClient.swift */,
				4C28042B2BCDE86700312524 /* APIError.swift */,
			);
			path = "API Client";
			sourceTree = "<group>";
		};
		5B097E762BBE7DDA0074CFB4 /* Models */ = {
			isa = PBXGroup;
			children = (
				5B097E772BBE7DE40074CFB4 /* Tutor.swift */,
				9744D5822BBEDE0D00758135 /* Review.swift */,
				5B097E7B2BC4E20C0074CFB4 /* PreviewContainer.swift */,
				4549BFF52BC9EFD500C35577 /* Place.swift */,
				97402E8A2BCA049700571E2E /* Course.swift */,
				4CE71C5C2BCA1739003043AE /* Message.swift */,
				4C25DB582BD070C50089496B /* AddAPIResponse.swift */,
				4C25DB5C2BD076150089496B /* TutorClasses.swift */,
			);
			path = Models;
			sourceTree = "<group>";
		};
		97385D8F2BBAD50000BB8C8A /* Views */ = {
			isa = PBXGroup;
			children = (
				97385D922BBAD58300BB8C8A /* Search.swift */,
				97385D942BBAD59200BB8C8A /* Favorites.swift */,
				97EDD35B2BCA5329002518B0 /* Profile.swift */,
				97385D982BBAD5BF00BB8C8A /* TutorDetails.swift */,
				97385D9A2BBAD62F00BB8C8A /* Login.swift */,
				97385D9C2BBAD96200BB8C8A /* ReviewForm.swift */,
				97C6B35A2BBE9D55002C8317 /* ProfileForm.swift */,
				5B097E792BBE7F7D0074CFB4 /* TutorRow.swift */,
				9744D5842BBEE2C000758135 /* ReviewRow.swift */,
				4549BFF72BC9EFF700C35577 /* Navigator.swift */,
				4549BFF92BC9F00C00C35577 /* Calendar.swift */,
				4CE71C5A2BCA14BA003043AE /* AITutor.swift */,
			);
			path = Views;
			sourceTree = "<group>";
		};
		977FA79D2BB1144A006CF4C2 = {
			isa = PBXGroup;
			children = (
				977FA7A82BB1144A006CF4C2 /* connectEd */,
				977FA7A72BB1144A006CF4C2 /* Products */,
			);
			sourceTree = "<group>";
		};
		977FA7A72BB1144A006CF4C2 /* Products */ = {
			isa = PBXGroup;
			children = (
				977FA7A62BB1144A006CF4C2 /* connectEd.app */,
			);
			name = Products;
			sourceTree = "<group>";
		};
		977FA7A82BB1144A006CF4C2 /* connectEd */ = {
			isa = PBXGroup;
			children = (
				4C2804232BCDDEFA00312524 /* API */,
				453FADB92BCA1C9C00A63F7B /* Info.plist */,
				4549BFF02BC9EF8500C35577 /* UIKit */,
				4549BFED2BC9EF6500C35577 /* Services */,
				4549BFE82BC9EF1600C35577 /* Utilities */,
				97C6B35C2BBE9D5E002C8317 /* Widgets */,
				5B097E762BBE7DDA0074CFB4 /* Models */,
				97385D8F2BBAD50000BB8C8A /* Views */,
				977FA7A92BB1144A006CF4C2 /* connectEdApp.swift */,
				977FA7AB2BB1144A006CF4C2 /* TabContainer.swift */,
				977FA7AD2BB1144C006CF4C2 /* Assets.xcassets */,
				977FA7AF2BB1144C006CF4C2 /* Preview Content */,
			);
			path = connectEd;
			sourceTree = "<group>";
		};
		977FA7AF2BB1144C006CF4C2 /* Preview Content */ = {
			isa = PBXGroup;
			children = (
				977FA7B02BB1144C006CF4C2 /* Preview Assets.xcassets */,
			);
			path = "Preview Content";
			sourceTree = "<group>";
		};
		97C6B35C2BBE9D5E002C8317 /* Widgets */ = {
			isa = PBXGroup;
			children = (
				97C6B35D2BBE9D6C002C8317 /* TextFieldWithLabel.swift */,
			);
			path = Widgets;
			sourceTree = "<group>";
		};
/* End PBXGroup section */

/* Begin PBXNativeTarget section */
		977FA7A52BB1144A006CF4C2 /* connectEd */ = {
			isa = PBXNativeTarget;
			buildConfigurationList = 977FA7B42BB1144C006CF4C2 /* Build configuration list for PBXNativeTarget "connectEd" */;
			buildPhases = (
				977FA7A22BB1144A006CF4C2 /* Sources */,
				977FA7A32BB1144A006CF4C2 /* Frameworks */,
				977FA7A42BB1144A006CF4C2 /* Resources */,
			);
			buildRules = (
			);
			dependencies = (
			);
			name = connectEd;
			packageProductDependencies = (
				4C2804212BCDDAEC00312524 /* OpenAI */,
			);
			productName = connectEd;
			productReference = 977FA7A62BB1144A006CF4C2 /* connectEd.app */;
			productType = "com.apple.product-type.application";
		};
/* End PBXNativeTarget section */

/* Begin PBXProject section */
		977FA79E2BB1144A006CF4C2 /* Project object */ = {
			isa = PBXProject;
			attributes = {
				BuildIndependentTargetsInParallel = 1;
				LastSwiftUpdateCheck = 1520;
				LastUpgradeCheck = 1520;
				TargetAttributes = {
					977FA7A52BB1144A006CF4C2 = {
						CreatedOnToolsVersion = 15.2;
					};
				};
			};
			buildConfigurationList = 977FA7A12BB1144A006CF4C2 /* Build configuration list for PBXProject "connectEd" */;
			compatibilityVersion = "Xcode 14.0";
			developmentRegion = en;
			hasScannedForEncodings = 0;
			knownRegions = (
				en,
				Base,
			);
			mainGroup = 977FA79D2BB1144A006CF4C2;
			packageReferences = (
				4C2804202BCDDAEC00312524 /* XCRemoteSwiftPackageReference "OpenAI" */,
			);
			productRefGroup = 977FA7A72BB1144A006CF4C2 /* Products */;
			projectDirPath = "";
			projectRoot = "";
			targets = (
				977FA7A52BB1144A006CF4C2 /* connectEd */,
			);
		};
/* End PBXProject section */

/* Begin PBXResourcesBuildPhase section */
		977FA7A42BB1144A006CF4C2 /* Resources */ = {
			isa = PBXResourcesBuildPhase;
			buildActionMask = 2147483647;
			files = (
				977FA7B12BB1144C006CF4C2 /* Preview Assets.xcassets in Resources */,
				977FA7AE2BB1144C006CF4C2 /* Assets.xcassets in Resources */,
			);
			runOnlyForDeploymentPostprocessing = 0;
		};
/* End PBXResourcesBuildPhase section */

/* Begin PBXSourcesBuildPhase section */
		977FA7A22BB1144A006CF4C2 /* Sources */ = {
			isa = PBXSourcesBuildPhase;
			buildActionMask = 2147483647;
			files = (
				5B097E782BBE7DE40074CFB4 /* Tutor.swift in Sources */,
				4C25DB5D2BD076150089496B /* TutorClasses.swift in Sources */,
				977FA7AC2BB1144A006CF4C2 /* TabContainer.swift in Sources */,
				4549BFFE2BC9F25E00C35577 /* HexStringToColor.swift in Sources */,
				9744D5852BBEE2C000758135 /* ReviewRow.swift in Sources */,
				97EDD35C2BCA5329002518B0 /* Profile.swift in Sources */,
				97385D992BBAD5BF00BB8C8A /* TutorDetails.swift in Sources */,
				4549BFF82BC9EFF700C35577 /* Navigator.swift in Sources */,
				4549BFEF2BC9EF7500C35577 /* EventService.swift in Sources */,
				4549BFFC2BC9F0A200C35577 /* DateFormatters.swift in Sources */,
				4C25DB5B2BD070E80089496B /* AddTutorEndpoint.swift in Sources */,
				97C6B35B2BBE9D55002C8317 /* ProfileForm.swift in Sources */,
				4C28042C2BCDE86700312524 /* APIError.swift in Sources */,
				5B097E7C2BC4E20C0074CFB4 /* PreviewContainer.swift in Sources */,
				4549BFF22BC9EF9200C35577 /* CalendarChooser.swift in Sources */,
				4CE71C5B2BCA14BA003043AE /* AITutor.swift in Sources */,
				97385D9D2BBAD96200BB8C8A /* ReviewForm.swift in Sources */,
				4549BFFA2BC9F00C00C35577 /* Calendar.swift in Sources */,
				97385D932BBAD58300BB8C8A /* Search.swift in Sources */,
				4549BFF62BC9EFD500C35577 /* Place.swift in Sources */,
				4549BFF42BC9EFA600C35577 /* EventEditView.swift in Sources */,
				97C6B35E2BBE9D6C002C8317 /* TextFieldWithLabel.swift in Sources */,
				9744D5832BBEDE0D00758135 /* Review.swift in Sources */,
				4C25DB592BD070C50089496B /* AddAPIResponse.swift in Sources */,
				4C28042A2BCDE84B00312524 /* APIClient.swift in Sources */,
				4CE71C5D2BCA1739003043AE /* Message.swift in Sources */,
				97385D952BBAD59200BB8C8A /* Favorites.swift in Sources */,
				977FA7AA2BB1144A006CF4C2 /* connectEdApp.swift in Sources */,
				97402E8B2BCA049700571E2E /* Course.swift in Sources */,
				5B097E7A2BBE7F7D0074CFB4 /* TutorRow.swift in Sources */,
				97385D9B2BBAD62F00BB8C8A /* Login.swift in Sources */,
			);
			runOnlyForDeploymentPostprocessing = 0;
		};
/* End PBXSourcesBuildPhase section */

/* Begin XCBuildConfiguration section */
		977FA7B22BB1144C006CF4C2 /* Debug */ = {
			isa = XCBuildConfiguration;
			buildSettings = {
				ALWAYS_SEARCH_USER_PATHS = NO;
				ASSETCATALOG_COMPILER_GENERATE_SWIFT_ASSET_SYMBOL_EXTENSIONS = YES;
				CLANG_ANALYZER_NONNULL = YES;
				CLANG_ANALYZER_NUMBER_OBJECT_CONVERSION = YES_AGGRESSIVE;
				CLANG_CXX_LANGUAGE_STANDARD = "gnu++20";
				CLANG_ENABLE_MODULES = YES;
				CLANG_ENABLE_OBJC_ARC = YES;
				CLANG_ENABLE_OBJC_WEAK = YES;
				CLANG_WARN_BLOCK_CAPTURE_AUTORELEASING = YES;
				CLANG_WARN_BOOL_CONVERSION = YES;
				CLANG_WARN_COMMA = YES;
				CLANG_WARN_CONSTANT_CONVERSION = YES;
				CLANG_WARN_DEPRECATED_OBJC_IMPLEMENTATIONS = YES;
				CLANG_WARN_DIRECT_OBJC_ISA_USAGE = YES_ERROR;
				CLANG_WARN_DOCUMENTATION_COMMENTS = YES;
				CLANG_WARN_EMPTY_BODY = YES;
				CLANG_WARN_ENUM_CONVERSION = YES;
				CLANG_WARN_INFINITE_RECURSION = YES;
				CLANG_WARN_INT_CONVERSION = YES;
				CLANG_WARN_NON_LITERAL_NULL_CONVERSION = YES;
				CLANG_WARN_OBJC_IMPLICIT_RETAIN_SELF = YES;
				CLANG_WARN_OBJC_LITERAL_CONVERSION = YES;
				CLANG_WARN_OBJC_ROOT_CLASS = YES_ERROR;
				CLANG_WARN_QUOTED_INCLUDE_IN_FRAMEWORK_HEADER = YES;
				CLANG_WARN_RANGE_LOOP_ANALYSIS = YES;
				CLANG_WARN_STRICT_PROTOTYPES = YES;
				CLANG_WARN_SUSPICIOUS_MOVE = YES;
				CLANG_WARN_UNGUARDED_AVAILABILITY = YES_AGGRESSIVE;
				CLANG_WARN_UNREACHABLE_CODE = YES;
				CLANG_WARN__DUPLICATE_METHOD_MATCH = YES;
				COPY_PHASE_STRIP = NO;
				DEBUG_INFORMATION_FORMAT = dwarf;
				ENABLE_STRICT_OBJC_MSGSEND = YES;
				ENABLE_TESTABILITY = YES;
				ENABLE_USER_SCRIPT_SANDBOXING = YES;
				GCC_C_LANGUAGE_STANDARD = gnu17;
				GCC_DYNAMIC_NO_PIC = NO;
				GCC_NO_COMMON_BLOCKS = YES;
				GCC_OPTIMIZATION_LEVEL = 0;
				GCC_PREPROCESSOR_DEFINITIONS = (
					"DEBUG=1",
					"$(inherited)",
				);
				GCC_WARN_64_TO_32_BIT_CONVERSION = YES;
				GCC_WARN_ABOUT_RETURN_TYPE = YES_ERROR;
				GCC_WARN_UNDECLARED_SELECTOR = YES;
				GCC_WARN_UNINITIALIZED_AUTOS = YES_AGGRESSIVE;
				GCC_WARN_UNUSED_FUNCTION = YES;
				GCC_WARN_UNUSED_VARIABLE = YES;
				IPHONEOS_DEPLOYMENT_TARGET = 17.0;
				LOCALIZATION_PREFERS_STRING_CATALOGS = YES;
				MTL_ENABLE_DEBUG_INFO = INCLUDE_SOURCE;
				MTL_FAST_MATH = YES;
				ONLY_ACTIVE_ARCH = YES;
				SDKROOT = iphoneos;
				SWIFT_ACTIVE_COMPILATION_CONDITIONS = "DEBUG $(inherited)";
				SWIFT_OPTIMIZATION_LEVEL = "-Onone";
			};
			name = Debug;
		};
		977FA7B32BB1144C006CF4C2 /* Release */ = {
			isa = XCBuildConfiguration;
			buildSettings = {
				ALWAYS_SEARCH_USER_PATHS = NO;
				ASSETCATALOG_COMPILER_GENERATE_SWIFT_ASSET_SYMBOL_EXTENSIONS = YES;
				CLANG_ANALYZER_NONNULL = YES;
				CLANG_ANALYZER_NUMBER_OBJECT_CONVERSION = YES_AGGRESSIVE;
				CLANG_CXX_LANGUAGE_STANDARD = "gnu++20";
				CLANG_ENABLE_MODULES = YES;
				CLANG_ENABLE_OBJC_ARC = YES;
				CLANG_ENABLE_OBJC_WEAK = YES;
				CLANG_WARN_BLOCK_CAPTURE_AUTORELEASING = YES;
				CLANG_WARN_BOOL_CONVERSION = YES;
				CLANG_WARN_COMMA = YES;
				CLANG_WARN_CONSTANT_CONVERSION = YES;
				CLANG_WARN_DEPRECATED_OBJC_IMPLEMENTATIONS = YES;
				CLANG_WARN_DIRECT_OBJC_ISA_USAGE = YES_ERROR;
				CLANG_WARN_DOCUMENTATION_COMMENTS = YES;
				CLANG_WARN_EMPTY_BODY = YES;
				CLANG_WARN_ENUM_CONVERSION = YES;
				CLANG_WARN_INFINITE_RECURSION = YES;
				CLANG_WARN_INT_CONVERSION = YES;
				CLANG_WARN_NON_LITERAL_NULL_CONVERSION = YES;
				CLANG_WARN_OBJC_IMPLICIT_RETAIN_SELF = YES;
				CLANG_WARN_OBJC_LITERAL_CONVERSION = YES;
				CLANG_WARN_OBJC_ROOT_CLASS = YES_ERROR;
				CLANG_WARN_QUOTED_INCLUDE_IN_FRAMEWORK_HEADER = YES;
				CLANG_WARN_RANGE_LOOP_ANALYSIS = YES;
				CLANG_WARN_STRICT_PROTOTYPES = YES;
				CLANG_WARN_SUSPICIOUS_MOVE = YES;
				CLANG_WARN_UNGUARDED_AVAILABILITY = YES_AGGRESSIVE;
				CLANG_WARN_UNREACHABLE_CODE = YES;
				CLANG_WARN__DUPLICATE_METHOD_MATCH = YES;
				COPY_PHASE_STRIP = NO;
				DEBUG_INFORMATION_FORMAT = "dwarf-with-dsym";
				ENABLE_NS_ASSERTIONS = NO;
				ENABLE_STRICT_OBJC_MSGSEND = YES;
				ENABLE_USER_SCRIPT_SANDBOXING = YES;
				GCC_C_LANGUAGE_STANDARD = gnu17;
				GCC_NO_COMMON_BLOCKS = YES;
				GCC_WARN_64_TO_32_BIT_CONVERSION = YES;
				GCC_WARN_ABOUT_RETURN_TYPE = YES_ERROR;
				GCC_WARN_UNDECLARED_SELECTOR = YES;
				GCC_WARN_UNINITIALIZED_AUTOS = YES_AGGRESSIVE;
				GCC_WARN_UNUSED_FUNCTION = YES;
				GCC_WARN_UNUSED_VARIABLE = YES;
				IPHONEOS_DEPLOYMENT_TARGET = 17.0;
				LOCALIZATION_PREFERS_STRING_CATALOGS = YES;
				MTL_ENABLE_DEBUG_INFO = NO;
				MTL_FAST_MATH = YES;
				SDKROOT = iphoneos;
				SWIFT_COMPILATION_MODE = wholemodule;
				VALIDATE_PRODUCT = YES;
			};
			name = Release;
		};
		977FA7B52BB1144C006CF4C2 /* Debug */ = {
			isa = XCBuildConfiguration;
			buildSettings = {
				ASSETCATALOG_COMPILER_APPICON_NAME = AppIcon;
				ASSETCATALOG_COMPILER_GLOBAL_ACCENT_COLOR_NAME = AccentColor;
				CODE_SIGN_IDENTITY = "iPhone Developer";
				CODE_SIGN_STYLE = Automatic;
				CURRENT_PROJECT_VERSION = 1;
				DEVELOPMENT_ASSET_PATHS = "\"connectEd/Preview Content\"";
				DEVELOPMENT_TEAM = "";
				ENABLE_PREVIEWS = YES;
				GENERATE_INFOPLIST_FILE = YES;
				INFOPLIST_FILE = connectEd/Info.plist;
				INFOPLIST_KEY_UIApplicationSceneManifest_Generation = YES;
				INFOPLIST_KEY_UIApplicationSupportsIndirectInputEvents = YES;
				INFOPLIST_KEY_UILaunchScreen_Generation = YES;
				INFOPLIST_KEY_UISupportedInterfaceOrientations_iPad = "UIInterfaceOrientationPortrait UIInterfaceOrientationPortraitUpsideDown UIInterfaceOrientationLandscapeLeft UIInterfaceOrientationLandscapeRight";
				INFOPLIST_KEY_UISupportedInterfaceOrientations_iPhone = "UIInterfaceOrientationPortrait UIInterfaceOrientationLandscapeLeft UIInterfaceOrientationLandscapeRight";
				IPHONEOS_DEPLOYMENT_TARGET = 17.2;
				LD_RUNPATH_SEARCH_PATHS = (
					"$(inherited)",
					"@executable_path/Frameworks",
				);
				MARKETING_VERSION = 1.0;
				PRODUCT_BUNDLE_IDENTIFIER = edu.duke.ndr19.connectEd;
				PRODUCT_NAME = "$(TARGET_NAME)";
				PROVISIONING_PROFILE_SPECIFIER = "";
				SWIFT_EMIT_LOC_STRINGS = YES;
				SWIFT_VERSION = 5.0;
				TARGETED_DEVICE_FAMILY = "1,2";
			};
			name = Debug;
		};
		977FA7B62BB1144C006CF4C2 /* Release */ = {
			isa = XCBuildConfiguration;
			buildSettings = {
				ASSETCATALOG_COMPILER_APPICON_NAME = AppIcon;
				ASSETCATALOG_COMPILER_GLOBAL_ACCENT_COLOR_NAME = AccentColor;
				CODE_SIGN_IDENTITY = "iPhone Developer";
				CODE_SIGN_STYLE = Automatic;
				CURRENT_PROJECT_VERSION = 1;
				DEVELOPMENT_ASSET_PATHS = "\"connectEd/Preview Content\"";
				DEVELOPMENT_TEAM = "";
				ENABLE_PREVIEWS = YES;
				GENERATE_INFOPLIST_FILE = YES;
				INFOPLIST_FILE = connectEd/Info.plist;
				INFOPLIST_KEY_UIApplicationSceneManifest_Generation = YES;
				INFOPLIST_KEY_UIApplicationSupportsIndirectInputEvents = YES;
				INFOPLIST_KEY_UILaunchScreen_Generation = YES;
				INFOPLIST_KEY_UISupportedInterfaceOrientations_iPad = "UIInterfaceOrientationPortrait UIInterfaceOrientationPortraitUpsideDown UIInterfaceOrientationLandscapeLeft UIInterfaceOrientationLandscapeRight";
				INFOPLIST_KEY_UISupportedInterfaceOrientations_iPhone = "UIInterfaceOrientationPortrait UIInterfaceOrientationLandscapeLeft UIInterfaceOrientationLandscapeRight";
				IPHONEOS_DEPLOYMENT_TARGET = 17.2;
				LD_RUNPATH_SEARCH_PATHS = (
					"$(inherited)",
					"@executable_path/Frameworks",
				);
				MARKETING_VERSION = 1.0;
				PRODUCT_BUNDLE_IDENTIFIER = edu.duke.ndr19.connectEd;
				PRODUCT_NAME = "$(TARGET_NAME)";
				SWIFT_EMIT_LOC_STRINGS = YES;
				SWIFT_VERSION = 5.0;
				TARGETED_DEVICE_FAMILY = "1,2";
			};
			name = Release;
		};
/* End XCBuildConfiguration section */

/* Begin XCConfigurationList section */
		977FA7A12BB1144A006CF4C2 /* Build configuration list for PBXProject "connectEd" */ = {
			isa = XCConfigurationList;
			buildConfigurations = (
				977FA7B22BB1144C006CF4C2 /* Debug */,
				977FA7B32BB1144C006CF4C2 /* Release */,
			);
			defaultConfigurationIsVisible = 0;
			defaultConfigurationName = Release;
		};
		977FA7B42BB1144C006CF4C2 /* Build configuration list for PBXNativeTarget "connectEd" */ = {
			isa = XCConfigurationList;
			buildConfigurations = (
				977FA7B52BB1144C006CF4C2 /* Debug */,
				977FA7B62BB1144C006CF4C2 /* Release */,
			);
			defaultConfigurationIsVisible = 0;
			defaultConfigurationName = Release;
		};
/* End XCConfigurationList section */

/* Begin XCRemoteSwiftPackageReference section */
		4C2804202BCDDAEC00312524 /* XCRemoteSwiftPackageReference "OpenAI" */ = {
			isa = XCRemoteSwiftPackageReference;
			repositoryURL = "https://github.com/MacPaw/OpenAI";
			requirement = {
				kind = upToNextMajorVersion;
				minimumVersion = 0.2.7;
			};
		};
/* End XCRemoteSwiftPackageReference section */

/* Begin XCSwiftPackageProductDependency section */
		4C2804212BCDDAEC00312524 /* OpenAI */ = {
			isa = XCSwiftPackageProductDependency;
			package = 4C2804202BCDDAEC00312524 /* XCRemoteSwiftPackageReference "OpenAI" */;
			productName = OpenAI;
		};
/* End XCSwiftPackageProductDependency section */
	};
	rootObject = 977FA79E2BB1144A006CF4C2 /* Project object */;
}
